
Microsoft Visual Studio Solution File, Format Version 12.00
# Visual Studio 15
Project("{FAE04EC0-301F-11D3-BF4B-00C04F79EFBC}") = "Assembly-CSharp", "Assembly-CSharp.csproj", "{34D28C11-A5F9-54C7-E369-7988F3E367E7}"
EndProject
Project("{9A19103F-16F7-4668-BE54-9A1E7A4F7556}") = "Zork.Common", "..\..\Zork.Common\Zork.Common.csproj", "{4EE40B80-104C-456D-BE1D-09C13061C2DB}"
EndProject
Project("{9A19103F-16F7-4668-BE54-9A1E7A4F7556}") = "Zork.Console", "..\..\Zork.Console\Zork.Console.csproj", "{D94B8C83-E76E-4136-AE53-185002D5BAFB}"
EndProject
Global
	GlobalSection(SolutionConfigurationPlatforms) = preSolution
		Debug|Any CPU = Debug|Any CPU
		Release|Any CPU = Release|Any CPU
	EndGlobalSection
	GlobalSection(ProjectConfigurationPlatforms) = postSolution
		{34D28C11-A5F9-54C7-E369-7988F3E367E7}.Debug|Any CPU.ActiveCfg = Debug|Any CPU
		{34D28C11-A5F9-54C7-E369-7988F3E367E7}.Debug|Any CPU.Build.0 = Debug|Any CPU
		{34D28C11-A5F9-54C7-E369-7988F3E367E7}.Release|Any CPU.ActiveCfg = Release|Any CPU
		{34D28C11-A5F9-54C7-E369-7988F3E367E7}.Release|Any CPU.Build.0 = Release|Any CPU
		{4EE40B80-104C-456D-BE1D-09C13061C2DB}.Debug|Any CPU.ActiveCfg = Debug|Any CPU
		{4EE40B80-104C-456D-BE1D-09C13061C2DB}.Debug|Any CPU.Build.0 = Debug|Any CPU
		{4EE40B80-104C-456D-BE1D-09C13061C2DB}.Release|Any CPU.ActiveCfg = Release|Any CPU
		{4EE40B80-104C-456D-BE1D-09C13061C2DB}.Release|Any CPU.Build.0 = Release|Any CPU
		{D94B8C83-E76E-4136-AE53-185002D5BAFB}.Debug|Any CPU.ActiveCfg = Debug|Any CPU
		{D94B8C83-E76E-4136-AE53-185002D5BAFB}.Debug|Any CPU.Build.0 = Debug|Any CPU
		{D94B8C83-E76E-4136-AE53-185002D5BAFB}.Release|Any CPU.ActiveCfg = Release|Any CPU
		{D94B8C83-E76E-4136-AE53-185002D5BAFB}.Release|Any CPU.Build.0 = Release|Any CPU
	EndGlobalSection
	GlobalSection(SolutionProperties) = preSolution
		HideSolutionNode = FALSE
	EndGlobalSection
EndGlobal
